
Microsoft Visual Studio Solution File, Format Version 12.00
# Visual Studio Version 16
VisualStudioVersion = 16.0.29806.167
MinimumVisualStudioVersion = 10.0.40219.1
Project("{FAE04EC0-301F-11D3-BF4B-00C04F79EFBC}") = "HHGiftCashApi", "HHGiftCashApi\HHGiftCashApi.csproj", "{77D413D1-B4F2-4F4F-8DFB-9631D7474E82}"
EndProject
Project("{FAE04EC0-301F-11D3-BF4B-00C04F79EFBC}") = "HHGiftCashApi.Tests", "HHGiftCashApi.Tests\HHGiftCashApi.Tests.csproj", "{9CEEF481-F363-417A-8D13-8F99FD170F07}"
EndProject
Project("{FAE04EC0-301F-11D3-BF4B-00C04F79EFBC}") = "HHGiftCash.Entity", "HHGiftCash.Entity\HHGiftCash.Entity.csproj", "{9DDA7724-C6DC-4484-9413-222385AC9AC1}"
EndProject
Project("{FAE04EC0-301F-11D3-BF4B-00C04F79EFBC}") = "HHGiftCash.Util", "HHGiftCash.Util\HHGiftCash.Util.csproj", "{103C9628-3875-438F-8504-56CB80CB0D7E}"
EndProject
Project("{FAE04EC0-301F-11D3-BF4B-00C04F79EFBC}") = "HHGiftCash.Data", "HHGiftCash.Data\HHGiftCash.Data.csproj", "{BE927BA6-598B-43EF-BD22-665CDF07D9DC}"
EndProject
Global
	GlobalSection(SolutionConfigurationPlatforms) = preSolution
		Debug|Any CPU = Debug|Any CPU
		Release|Any CPU = Release|Any CPU
	EndGlobalSection
	GlobalSection(ProjectConfigurationPlatforms) = postSolution
		{77D413D1-B4F2-4F4F-8DFB-9631D7474E82}.Debug|Any CPU.ActiveCfg = Debug|Any CPU
		{77D413D1-B4F2-4F4F-8DFB-9631D7474E82}.Debug|Any CPU.Build.0 = Debug|Any CPU
		{77D413D1-B4F2-4F4F-8DFB-9631D7474E82}.Release|Any CPU.ActiveCfg = Release|Any CPU
		{77D413D1-B4F2-4F4F-8DFB-9631D7474E82}.Release|Any CPU.Build.0 = Release|Any CPU
		{9CEEF481-F363-417A-8D13-8F99FD170F07}.Debug|Any CPU.ActiveCfg = Debug|Any CPU
		{9CEEF481-F363-417A-8D13-8F99FD170F07}.Debug|Any CPU.Build.0 = Debug|Any CPU
		{9CEEF481-F363-417A-8D13-8F99FD170F07}.Release|Any CPU.ActiveCfg = Release|Any CPU
		{9CEEF481-F363-417A-8D13-8F99FD170F07}.Release|Any CPU.Build.0 = Release|Any CPU
		{9DDA7724-C6DC-4484-9413-222385AC9AC1}.Debug|Any CPU.ActiveCfg = Debug|Any CPU
		{9DDA7724-C6DC-4484-9413-222385AC9AC1}.Debug|Any CPU.Build.0 = Debug|Any CPU
		{9DDA7724-C6DC-4484-9413-222385AC9AC1}.Release|Any CPU.ActiveCfg = Release|Any CPU
		{9DDA7724-C6DC-4484-9413-222385AC9AC1}.Release|Any CPU.Build.0 = Release|Any CPU
		{103C9628-3875-438F-8504-56CB80CB0D7E}.Debug|Any CPU.ActiveCfg = Debug|Any CPU
		{103C9628-3875-438F-8504-56CB80CB0D7E}.Debug|Any CPU.Build.0 = Debug|Any CPU
		{103C9628-3875-438F-8504-56CB80CB0D7E}.Release|Any CPU.ActiveCfg = Release|Any CPU
		{103C9628-3875-438F-8504-56CB80CB0D7E}.Release|Any CPU.Build.0 = Release|Any CPU
		{BE927BA6-598B-43EF-BD22-665CDF07D9DC}.Debug|Any CPU.ActiveCfg = Debug|Any CPU
		{BE927BA6-598B-43EF-BD22-665CDF07D9DC}.Debug|Any CPU.Build.0 = Debug|Any CPU
		{BE927BA6-598B-43EF-BD22-665CDF07D9DC}.Release|Any CPU.ActiveCfg = Release|Any CPU
		{BE927BA6-598B-43EF-BD22-665CDF07D9DC}.Release|Any CPU.Build.0 = Release|Any CPU
	EndGlobalSection
	GlobalSection(SolutionProperties) = preSolution
		HideSolutionNode = FALSE
	EndGlobalSection
	GlobalSection(ExtensibilityGlobals) = postSolution
		SolutionGuid = {1FF8CDE2-8991-463C-A195-C8B7A7A0C9AE}
	EndGlobalSection
EndGlobal
